
Microsoft Visual Studio Solution File, Format Version 12.00
# Visual Studio Version 16
VisualStudioVersion = 16.0.29201.188
MinimumVisualStudioVersion = 10.0.40219.1
Project("{FAE04EC0-301F-11D3-BF4B-00C04F79EFBC}") = "HelloApp", "HelloApp\HelloApp.csproj", "{02A27A1E-A61E-4633-8BEF-2F5B8F1E4CEB}"
EndProject
Global
	GlobalSection(SolutionConfigurationPlatforms) = preSolution
		Debug|Any CPU = Debug|Any CPU
		Release|Any CPU = Release|Any CPU
	EndGlobalSection
	GlobalSection(ProjectConfigurationPlatforms) = postSolution
		{02A27A1E-A61E-4633-8BEF-2F5B8F1E4CEB}.Debug|Any CPU.ActiveCfg = Debug|Any CPU
		{02A27A1E-A61E-4633-8BEF-2F5B8F1E4CEB}.Debug|Any CPU.Build.0 = Debug|Any CPU
		{02A27A1E-A61E-4633-8BEF-2F5B8F1E4CEB}.Release|Any CPU.ActiveCfg = Release|Any CPU
		{02A27A1E-A61E-4633-8BEF-2F5B8F1E4CEB}.Release|Any CPU.Build.0 = Release|Any CPU
	EndGlobalSection
	GlobalSection(SolutionProperties) = preSolution
		HideSolutionNode = FALSE
	EndGlobalSection
	GlobalSection(ExtensibilityGlobals) = postSolution
		SolutionGuid = {8B226ECE-55A6-4A1A-97B8-2739AC31E9BA}
	EndGlobalSection
EndGlobal
